
Microsoft Visual Studio Solution File, Format Version 12.00
# Visual Studio 15
VisualStudioVersion = 15.0.27130.2027
MinimumVisualStudioVersion = 10.0.40219.1
Project("{9A19103F-16F7-4668-BE54-9A1E7A4F7556}") = "BindRTMEvents", "BindRTMEvents\BindRTMEvents.csproj", "{386C860F-E08A-4736-94BA-1C03A6ECDC72}"
EndProject
Project("{FAE04EC0-301F-11D3-BF4B-00C04F79EFBC}") = "CallAPIMethods", "CallAPIMethods\CallAPIMethods.csproj", "{8ECB1A28-1973-415A-8850-6B1A8FE82FB5}"
EndProject
Project("{9A19103F-16F7-4668-BE54-9A1E7A4F7556}") = "SlackApi", "..\SlackApi.csproj", "{CA31951E-2C20-4185-A19B-D31749B5DC21}"
EndProject
Global
	GlobalSection(SolutionConfigurationPlatforms) = preSolution
		Debug|Any CPU = Debug|Any CPU
		Release|Any CPU = Release|Any CPU
	EndGlobalSection
	GlobalSection(ProjectConfigurationPlatforms) = postSolution
		{386C860F-E08A-4736-94BA-1C03A6ECDC72}.Debug|Any CPU.ActiveCfg = Debug|Any CPU
		{386C860F-E08A-4736-94BA-1C03A6ECDC72}.Debug|Any CPU.Build.0 = Debug|Any CPU
		{386C860F-E08A-4736-94BA-1C03A6ECDC72}.Release|Any CPU.ActiveCfg = Release|Any CPU
		{386C860F-E08A-4736-94BA-1C03A6ECDC72}.Release|Any CPU.Build.0 = Release|Any CPU
		{8ECB1A28-1973-415A-8850-6B1A8FE82FB5}.Debug|Any CPU.ActiveCfg = Debug|Any CPU
		{8ECB1A28-1973-415A-8850-6B1A8FE82FB5}.Debug|Any CPU.Build.0 = Debug|Any CPU
		{8ECB1A28-1973-415A-8850-6B1A8FE82FB5}.Release|Any CPU.ActiveCfg = Release|Any CPU
		{8ECB1A28-1973-415A-8850-6B1A8FE82FB5}.Release|Any CPU.Build.0 = Release|Any CPU
		{CA31951E-2C20-4185-A19B-D31749B5DC21}.Debug|Any CPU.ActiveCfg = Debug|Any CPU
		{CA31951E-2C20-4185-A19B-D31749B5DC21}.Debug|Any CPU.Build.0 = Debug|Any CPU
		{CA31951E-2C20-4185-A19B-D31749B5DC21}.Release|Any CPU.ActiveCfg = Release|Any CPU
		{CA31951E-2C20-4185-A19B-D31749B5DC21}.Release|Any CPU.Build.0 = Release|Any CPU
	EndGlobalSection
	GlobalSection(SolutionProperties) = preSolution
		HideSolutionNode = FALSE
	EndGlobalSection
	GlobalSection(ExtensibilityGlobals) = postSolution
		SolutionGuid = {39A91AD7-7DF7-482F-B484-AF4D27F60119}
	EndGlobalSection
EndGlobal
